
Microsoft Visual Studio Solution File, Format Version 12.00
# Visual Studio Version 17
VisualStudioVersion = 17.5.33530.505
MinimumVisualStudioVersion = 10.0.40219.1
Project("{888888A0-9F3D-457C-B088-3A5042F75D52}") = "just_files", "just_files\just_files.pyproj", "{CF5D632F-08E2-475E-B713-6E28A7D2CF1B}"
EndProject
Global
	GlobalSection(SolutionConfigurationPlatforms) = preSolution
		Debug|Any CPU = Debug|Any CPU
		Release|Any CPU = Release|Any CPU
	EndGlobalSection
	GlobalSection(ProjectConfigurationPlatforms) = postSolution
		{CF5D632F-08E2-475E-B713-6E28A7D2CF1B}.Debug|Any CPU.ActiveCfg = Debug|Any CPU
		{CF5D632F-08E2-475E-B713-6E28A7D2CF1B}.Release|Any CPU.ActiveCfg = Release|Any CPU
	EndGlobalSection
	GlobalSection(SolutionProperties) = preSolution
		HideSolutionNode = FALSE
	EndGlobalSection
	GlobalSection(ExtensibilityGlobals) = postSolution
		SolutionGuid = {811F243F-7787-4D80-86CF-93503C87D360}
	EndGlobalSection
EndGlobal
